
Microsoft Visual Studio Solution File, Format Version 12.00
# Visual Studio 2012
Project("{FAE04EC0-301F-11D3-BF4B-00C04F79EFBC}") = "Omegaluz.GlobalApiExceptions", "Omegaluz.GlobalApiExceptions\Omegaluz.GlobalApiExceptions.csproj", "{3F679776-AC68-4BC2-9BF4-578C1F7140D6}"
EndProject
Project("{FAE04EC0-301F-11D3-BF4B-00C04F79EFBC}") = "ExampleApi", "ExampleApi\ExampleApi.csproj", "{55458710-63B8-428E-B752-229F09845D37}"
EndProject
Global
	GlobalSection(SolutionConfigurationPlatforms) = preSolution
		Debug|Any CPU = Debug|Any CPU
		Release|Any CPU = Release|Any CPU
	EndGlobalSection
	GlobalSection(ProjectConfigurationPlatforms) = postSolution
		{3F679776-AC68-4BC2-9BF4-578C1F7140D6}.Debug|Any CPU.ActiveCfg = Debug|Any CPU
		{3F679776-AC68-4BC2-9BF4-578C1F7140D6}.Debug|Any CPU.Build.0 = Debug|Any CPU
		{3F679776-AC68-4BC2-9BF4-578C1F7140D6}.Release|Any CPU.ActiveCfg = Release|Any CPU
		{3F679776-AC68-4BC2-9BF4-578C1F7140D6}.Release|Any CPU.Build.0 = Release|Any CPU
		{55458710-63B8-428E-B752-229F09845D37}.Debug|Any CPU.ActiveCfg = Debug|Any CPU
		{55458710-63B8-428E-B752-229F09845D37}.Debug|Any CPU.Build.0 = Debug|Any CPU
		{55458710-63B8-428E-B752-229F09845D37}.Release|Any CPU.ActiveCfg = Release|Any CPU
		{55458710-63B8-428E-B752-229F09845D37}.Release|Any CPU.Build.0 = Release|Any CPU
	EndGlobalSection
	GlobalSection(SolutionProperties) = preSolution
		HideSolutionNode = FALSE
	EndGlobalSection
EndGlobal
